
Microsoft Visual Studio Solution File, Format Version 12.00
# Visual Studio Version 16
VisualStudioVersion = 16.0.31702.278
MinimumVisualStudioVersion = 10.0.40219.1
Project("{9A19103F-16F7-4668-BE54-9A1E7A4F7556}") = "CompanyPropertyManagement.Data", "CompanyPropertyManagement.Data\CompanyPropertyManagement.Data.csproj", "{3974A835-DDDE-4A87-A645-58D89A2E1E13}"
EndProject
Project("{9A19103F-16F7-4668-BE54-9A1E7A4F7556}") = "CompanyPropertyManagement.DataAccessLayer", "CompanyPropertyManagement.DataAccessLayer\CompanyPropertyManagement.DataAccessLayer.csproj", "{BEA6BDE5-90A0-4F66-A37E-3131214E6182}"
EndProject
Project("{9A19103F-16F7-4668-BE54-9A1E7A4F7556}") = "CompanyPropertyManagement.APIs", "CompanyPropertyManagement.APIs\CompanyPropertyManagement.APIs.csproj", "{08A9C4A9-B82D-48EB-9EE1-EBB373E36AC3}"
EndProject
Project("{FAE04EC0-301F-11D3-BF4B-00C04F79EFBC}") = "CompanyPropertyManagement.DTOs", "CompanyPropertyManagement.DTOs\CompanyPropertyManagement.DTOs.csproj", "{443E4B36-4EC3-49CE-973E-903D53B5DD01}"
EndProject
Global
	GlobalSection(SolutionConfigurationPlatforms) = preSolution
		Debug|Any CPU = Debug|Any CPU
		Release|Any CPU = Release|Any CPU
	EndGlobalSection
	GlobalSection(ProjectConfigurationPlatforms) = postSolution
		{3974A835-DDDE-4A87-A645-58D89A2E1E13}.Debug|Any CPU.ActiveCfg = Debug|Any CPU
		{3974A835-DDDE-4A87-A645-58D89A2E1E13}.Debug|Any CPU.Build.0 = Debug|Any CPU
		{3974A835-DDDE-4A87-A645-58D89A2E1E13}.Release|Any CPU.ActiveCfg = Release|Any CPU
		{3974A835-DDDE-4A87-A645-58D89A2E1E13}.Release|Any CPU.Build.0 = Release|Any CPU
		{BEA6BDE5-90A0-4F66-A37E-3131214E6182}.Debug|Any CPU.ActiveCfg = Debug|Any CPU
		{BEA6BDE5-90A0-4F66-A37E-3131214E6182}.Debug|Any CPU.Build.0 = Debug|Any CPU
		{BEA6BDE5-90A0-4F66-A37E-3131214E6182}.Release|Any CPU.ActiveCfg = Release|Any CPU
		{BEA6BDE5-90A0-4F66-A37E-3131214E6182}.Release|Any CPU.Build.0 = Release|Any CPU
		{08A9C4A9-B82D-48EB-9EE1-EBB373E36AC3}.Debug|Any CPU.ActiveCfg = Debug|Any CPU
		{08A9C4A9-B82D-48EB-9EE1-EBB373E36AC3}.Debug|Any CPU.Build.0 = Debug|Any CPU
		{08A9C4A9-B82D-48EB-9EE1-EBB373E36AC3}.Release|Any CPU.ActiveCfg = Release|Any CPU
		{08A9C4A9-B82D-48EB-9EE1-EBB373E36AC3}.Release|Any CPU.Build.0 = Release|Any CPU
		{443E4B36-4EC3-49CE-973E-903D53B5DD01}.Debug|Any CPU.ActiveCfg = Debug|Any CPU
		{443E4B36-4EC3-49CE-973E-903D53B5DD01}.Debug|Any CPU.Build.0 = Debug|Any CPU
		{443E4B36-4EC3-49CE-973E-903D53B5DD01}.Release|Any CPU.ActiveCfg = Release|Any CPU
		{443E4B36-4EC3-49CE-973E-903D53B5DD01}.Release|Any CPU.Build.0 = Release|Any CPU
	EndGlobalSection
	GlobalSection(SolutionProperties) = preSolution
		HideSolutionNode = FALSE
	EndGlobalSection
	GlobalSection(ExtensibilityGlobals) = postSolution
		SolutionGuid = {184E04F3-ECCA-4A1E-8E30-B0E780E40E9C}
	EndGlobalSection
EndGlobal
